// !$*UTF8*$!
{
	archiveVersion = 1;
	classes = {
	};
	objectVersion = 56;
	objects = {

/* Begin PBXBuildFile section */
		ED2CC6F928DE0C11008215A2 /* YahooCodingExerciseApp.swift in Sources */ = {isa = PBXBuildFile; fileRef = ED2CC6F828DE0C11008215A2 /* YahooCodingExerciseApp.swift */; };
		ED2CC6FD28DE0C12008215A2 /* Assets.xcassets in Resources */ = {isa = PBXBuildFile; fileRef = ED2CC6FC28DE0C12008215A2 /* Assets.xcassets */; };
		ED2CC70028DE0C12008215A2 /* Preview Assets.xcassets in Resources */ = {isa = PBXBuildFile; fileRef = ED2CC6FF28DE0C12008215A2 /* Preview Assets.xcassets */; };
		ED2CC70528DE0C12008215A2 /* YahooCodingExercise.xcdatamodeld in Sources */ = {isa = PBXBuildFile; fileRef = ED2CC70328DE0C12008215A2 /* YahooCodingExercise.xcdatamodeld */; };
		ED2CC72E28DE0EE8008215A2 /* GameRecord.swift in Sources */ = {isa = PBXBuildFile; fileRef = ED2CC72D28DE0EE8008215A2 /* GameRecord.swift */; };
		ED2CC73028DE10C4008215A2 /* OverviewViewModel.swift in Sources */ = {isa = PBXBuildFile; fileRef = ED2CC72F28DE10C4008215A2 /* OverviewViewModel.swift */; };
		ED2CC73228DE115A008215A2 /* GameRecordServing.swift in Sources */ = {isa = PBXBuildFile; fileRef = ED2CC73128DE115A008215A2 /* GameRecordServing.swift */; };
		ED2CC73528DE2200008215A2 /* OverviewView.swift in Sources */ = {isa = PBXBuildFile; fileRef = ED2CC73428DE2200008215A2 /* OverviewView.swift */; };
		ED2CC73728DE2720008215A2 /* TeamSummary.swift in Sources */ = {isa = PBXBuildFile; fileRef = ED2CC73628DE2720008215A2 /* TeamSummary.swift */; };
		ED2CC73D28DE3358008215A2 /* OverviewHeader.swift in Sources */ = {isa = PBXBuildFile; fileRef = ED2CC73C28DE3358008215A2 /* OverviewHeader.swift */; };
		ED2CC73F28DE405E008215A2 /* TeamDetailsView.swift in Sources */ = {isa = PBXBuildFile; fileRef = ED2CC73E28DE405E008215A2 /* TeamDetailsView.swift */; };
		EDFF43BF28DE473A002BB359 /* TeamDetailsViewModel.swift in Sources */ = {isa = PBXBuildFile; fileRef = EDFF43BE28DE473A002BB359 /* TeamDetailsViewModel.swift */; };
		EDFF43C128DE47E1002BB359 /* TeamSpecificStat.swift in Sources */ = {isa = PBXBuildFile; fileRef = EDFF43C028DE47E1002BB359 /* TeamSpecificStat.swift */; };
		EDFF43C328DF4836002BB359 /* DetailHeader.swift in Sources */ = {isa = PBXBuildFile; fileRef = EDFF43C228DF4836002BB359 /* DetailHeader.swift */; };
		EDFF43C728DF72A5002BB359 /* Spinner.swift in Sources */ = {isa = PBXBuildFile; fileRef = EDFF43C628DF72A5002BB359 /* Spinner.swift */; };
/* End PBXBuildFile section */

/* Begin PBXContainerItemProxy section */
		ED2CC70B28DE0C12008215A2 /* PBXContainerItemProxy */ = {
			isa = PBXContainerItemProxy;
			containerPortal = ED2CC6ED28DE0C11008215A2 /* Project object */;
			proxyType = 1;
			remoteGlobalIDString = ED2CC6F428DE0C11008215A2;
			remoteInfo = YahooCodingExercise;
		};
		ED2CC71528DE0C12008215A2 /* PBXContainerItemProxy */ = {
			isa = PBXContainerItemProxy;
			containerPortal = ED2CC6ED28DE0C11008215A2 /* Project object */;
			proxyType = 1;
			remoteGlobalIDString = ED2CC6F428DE0C11008215A2;
			remoteInfo = YahooCodingExercise;
		};
/* End PBXContainerItemProxy section */

/* Begin PBXFileReference section */
		ED2CC6F528DE0C11008215A2 /* YahooCodingExercise.app */ = {isa = PBXFileReference; explicitFileType = wrapper.application; includeInIndex = 0; path = YahooCodingExercise.app; sourceTree = BUILT_PRODUCTS_DIR; };
		ED2CC6F828DE0C11008215A2 /* YahooCodingExerciseApp.swift */ = {isa = PBXFileReference; lastKnownFileType = sourcecode.swift; path = YahooCodingExerciseApp.swift; sourceTree = "<group>"; };
		ED2CC6FC28DE0C12008215A2 /* Assets.xcassets */ = {isa = PBXFileReference; lastKnownFileType = folder.assetcatalog; path = Assets.xcassets; sourceTree = "<group>"; };
		ED2CC6FF28DE0C12008215A2 /* Preview Assets.xcassets */ = {isa = PBXFileReference; lastKnownFileType = folder.assetcatalog; path = "Preview Assets.xcassets"; sourceTree = "<group>"; };
		ED2CC70428DE0C12008215A2 /* YahooCodingExercise.xcdatamodel */ = {isa = PBXFileReference; lastKnownFileType = wrapper.xcdatamodel; path = YahooCodingExercise.xcdatamodel; sourceTree = "<group>"; };
		ED2CC70A28DE0C12008215A2 /* YahooCodingExerciseTests.xctest */ = {isa = PBXFileReference; explicitFileType = wrapper.cfbundle; includeInIndex = 0; path = YahooCodingExerciseTests.xctest; sourceTree = BUILT_PRODUCTS_DIR; };
		ED2CC71428DE0C12008215A2 /* YahooCodingExerciseUITests.xctest */ = {isa = PBXFileReference; explicitFileType = wrapper.cfbundle; includeInIndex = 0; path = YahooCodingExerciseUITests.xctest; sourceTree = BUILT_PRODUCTS_DIR; };
		ED2CC72D28DE0EE8008215A2 /* GameRecord.swift */ = {isa = PBXFileReference; lastKnownFileType = sourcecode.swift; path = GameRecord.swift; sourceTree = "<group>"; };
		ED2CC72F28DE10C4008215A2 /* OverviewViewModel.swift */ = {isa = PBXFileReference; lastKnownFileType = sourcecode.swift; path = OverviewViewModel.swift; sourceTree = "<group>"; };
		ED2CC73128DE115A008215A2 /* GameRecordServing.swift */ = {isa = PBXFileReference; lastKnownFileType = sourcecode.swift; path = GameRecordServing.swift; sourceTree = "<group>"; };
		ED2CC73328DE1788008215A2 /* Info.plist */ = {isa = PBXFileReference; lastKnownFileType = text.plist; path = Info.plist; sourceTree = "<group>"; };
		ED2CC73428DE2200008215A2 /* OverviewView.swift */ = {isa = PBXFileReference; lastKnownFileType = sourcecode.swift; path = OverviewView.swift; sourceTree = "<group>"; };
		ED2CC73628DE2720008215A2 /* TeamSummary.swift */ = {isa = PBXFileReference; lastKnownFileType = sourcecode.swift; path = TeamSummary.swift; sourceTree = "<group>"; };
		ED2CC73C28DE3358008215A2 /* OverviewHeader.swift */ = {isa = PBXFileReference; lastKnownFileType = sourcecode.swift; path = OverviewHeader.swift; sourceTree = "<group>"; };
		ED2CC73E28DE405E008215A2 /* TeamDetailsView.swift */ = {isa = PBXFileReference; lastKnownFileType = sourcecode.swift; path = TeamDetailsView.swift; sourceTree = "<group>"; };
		EDFF43BE28DE473A002BB359 /* TeamDetailsViewModel.swift */ = {isa = PBXFileReference; lastKnownFileType = sourcecode.swift; path = TeamDetailsViewModel.swift; sourceTree = "<group>"; };
		EDFF43C028DE47E1002BB359 /* TeamSpecificStat.swift */ = {isa = PBXFileReference; lastKnownFileType = sourcecode.swift; path = TeamSpecificStat.swift; sourceTree = "<group>"; };
		EDFF43C228DF4836002BB359 /* DetailHeader.swift */ = {isa = PBXFileReference; lastKnownFileType = sourcecode.swift; path = DetailHeader.swift; sourceTree = "<group>"; };
		EDFF43C628DF72A5002BB359 /* Spinner.swift */ = {isa = PBXFileReference; lastKnownFileType = sourcecode.swift; path = Spinner.swift; sourceTree = "<group>"; };
/* End PBXFileReference section */

/* Begin PBXFrameworksBuildPhase section */
		ED2CC6F228DE0C11008215A2 /* Frameworks */ = {
			isa = PBXFrameworksBuildPhase;
			buildActionMask = 2147483647;
			files = (
			);
			runOnlyForDeploymentPostprocessing = 0;
		};
		ED2CC70728DE0C12008215A2 /* Frameworks */ = {
			isa = PBXFrameworksBuildPhase;
			buildActionMask = 2147483647;
			files = (
			);
			runOnlyForDeploymentPostprocessing = 0;
		};
		ED2CC71128DE0C12008215A2 /* Frameworks */ = {
			isa = PBXFrameworksBuildPhase;
			buildActionMask = 2147483647;
			files = (
			);
			runOnlyForDeploymentPostprocessing = 0;
		};
/* End PBXFrameworksBuildPhase section */

/* Begin PBXGroup section */
		ED2CC6EC28DE0C11008215A2 = {
			isa = PBXGroup;
			children = (
				ED2CC6F728DE0C11008215A2 /* YahooCodingExercise */,
				ED2CC6F628DE0C11008215A2 /* Products */,
			);
			sourceTree = "<group>";
		};
		ED2CC6F628DE0C11008215A2 /* Products */ = {
			isa = PBXGroup;
			children = (
				ED2CC6F528DE0C11008215A2 /* YahooCodingExercise.app */,
				ED2CC70A28DE0C12008215A2 /* YahooCodingExerciseTests.xctest */,
				ED2CC71428DE0C12008215A2 /* YahooCodingExerciseUITests.xctest */,
			);
			name = Products;
			sourceTree = "<group>";
		};
		ED2CC6F728DE0C11008215A2 /* YahooCodingExercise */ = {
			isa = PBXGroup;
			children = (
				ED2CC73328DE1788008215A2 /* Info.plist */,
				ED2CC72C28DE0DCE008215A2 /* Shared */,
				ED2CC72B28DE0DB1008215A2 /* Views */,
				ED2CC72A28DE0DA6008215A2 /* Models */,
				ED2CC72928DE0D9F008215A2 /* Services */,
				ED2CC72728DE0D93008215A2 /* ViewModels */,
				ED2CC6F828DE0C11008215A2 /* YahooCodingExerciseApp.swift */,
				ED2CC70328DE0C12008215A2 /* YahooCodingExercise.xcdatamodeld */,
				ED2CC6FE28DE0C12008215A2 /* Preview Content */,
			);
			path = YahooCodingExercise;
			sourceTree = "<group>";
		};
		ED2CC6FE28DE0C12008215A2 /* Preview Content */ = {
			isa = PBXGroup;
			children = (
				ED2CC6FF28DE0C12008215A2 /* Preview Assets.xcassets */,
			);
			path = "Preview Content";
			sourceTree = "<group>";
		};
		ED2CC72728DE0D93008215A2 /* ViewModels */ = {
			isa = PBXGroup;
			children = (
				ED2CC72F28DE10C4008215A2 /* OverviewViewModel.swift */,
				EDFF43BE28DE473A002BB359 /* TeamDetailsViewModel.swift */,
			);
			path = ViewModels;
			sourceTree = "<group>";
		};
		ED2CC72928DE0D9F008215A2 /* Services */ = {
			isa = PBXGroup;
			children = (
				ED2CC73128DE115A008215A2 /* GameRecordServing.swift */,
			);
			path = Services;
			sourceTree = "<group>";
		};
		ED2CC72A28DE0DA6008215A2 /* Models */ = {
			isa = PBXGroup;
			children = (
				ED2CC72D28DE0EE8008215A2 /* GameRecord.swift */,
				ED2CC73628DE2720008215A2 /* TeamSummary.swift */,
				EDFF43C028DE47E1002BB359 /* TeamSpecificStat.swift */,
			);
			path = Models;
			sourceTree = "<group>";
		};
		ED2CC72B28DE0DB1008215A2 /* Views */ = {
			isa = PBXGroup;
			children = (
				EDFF43C928E09FD4002BB359 /* TeamDetails */,
				EDFF43C828E09FC9002BB359 /* Overview */,
				EDFF43C628DF72A5002BB359 /* Spinner.swift */,
			);
			path = Views;
			sourceTree = "<group>";
		};
		ED2CC72C28DE0DCE008215A2 /* Shared */ = {
			isa = PBXGroup;
			children = (
				ED2CC6FC28DE0C12008215A2 /* Assets.xcassets */,
			);
			path = Shared;
			sourceTree = "<group>";
		};
		EDFF43C828E09FC9002BB359 /* Overview */ = {
			isa = PBXGroup;
			children = (
				ED2CC73428DE2200008215A2 /* OverviewView.swift */,
				ED2CC73C28DE3358008215A2 /* OverviewHeader.swift */,
			);
			path = Overview;
			sourceTree = "<group>";
		};
		EDFF43C928E09FD4002BB359 /* TeamDetails */ = {
			isa = PBXGroup;
			children = (
				ED2CC73E28DE405E008215A2 /* TeamDetailsView.swift */,
				EDFF43C228DF4836002BB359 /* DetailHeader.swift */,
			);
			path = TeamDetails;
			sourceTree = "<group>";
		};
/* End PBXGroup section */

/* Begin PBXNativeTarget section */
		ED2CC6F428DE0C11008215A2 /* YahooCodingExercise */ = {
			isa = PBXNativeTarget;
			buildConfigurationList = ED2CC71E28DE0C12008215A2 /* Build configuration list for PBXNativeTarget "YahooCodingExercise" */;
			buildPhases = (
				ED2CC6F128DE0C11008215A2 /* Sources */,
				ED2CC6F228DE0C11008215A2 /* Frameworks */,
				ED2CC6F328DE0C11008215A2 /* Resources */,
			);
			buildRules = (
			);
			dependencies = (
			);
			name = YahooCodingExercise;
			productName = YahooCodingExercise;
			productReference = ED2CC6F528DE0C11008215A2 /* YahooCodingExercise.app */;
			productType = "com.apple.product-type.application";
		};
		ED2CC70928DE0C12008215A2 /* YahooCodingExerciseTests */ = {
			isa = PBXNativeTarget;
			buildConfigurationList = ED2CC72128DE0C12008215A2 /* Build configuration list for PBXNativeTarget "YahooCodingExerciseTests" */;
			buildPhases = (
				ED2CC70628DE0C12008215A2 /* Sources */,
				ED2CC70728DE0C12008215A2 /* Frameworks */,
				ED2CC70828DE0C12008215A2 /* Resources */,
			);
			buildRules = (
			);
			dependencies = (
				ED2CC70C28DE0C12008215A2 /* PBXTargetDependency */,
			);
			name = YahooCodingExerciseTests;
			productName = YahooCodingExerciseTests;
			productReference = ED2CC70A28DE0C12008215A2 /* YahooCodingExerciseTests.xctest */;
			productType = "com.apple.product-type.bundle.unit-test";
		};
		ED2CC71328DE0C12008215A2 /* YahooCodingExerciseUITests */ = {
			isa = PBXNativeTarget;
			buildConfigurationList = ED2CC72428DE0C12008215A2 /* Build configuration list for PBXNativeTarget "YahooCodingExerciseUITests" */;
			buildPhases = (
				ED2CC71028DE0C12008215A2 /* Sources */,
				ED2CC71128DE0C12008215A2 /* Frameworks */,
				ED2CC71228DE0C12008215A2 /* Resources */,
			);
			buildRules = (
			);
			dependencies = (
				ED2CC71628DE0C12008215A2 /* PBXTargetDependency */,
			);
			name = YahooCodingExerciseUITests;
			productName = YahooCodingExerciseUITests;
			productReference = ED2CC71428DE0C12008215A2 /* YahooCodingExerciseUITests.xctest */;
			productType = "com.apple.product-type.bundle.ui-testing";
		};
/* End PBXNativeTarget section */

/* Begin PBXProject section */
		ED2CC6ED28DE0C11008215A2 /* Project object */ = {
			isa = PBXProject;
			attributes = {
				BuildIndependentTargetsInParallel = 1;
				LastSwiftUpdateCheck = 1400;
				LastUpgradeCheck = 1400;
				TargetAttributes = {
					ED2CC6F428DE0C11008215A2 = {
						CreatedOnToolsVersion = 14.0;
					};
					ED2CC70928DE0C12008215A2 = {
						CreatedOnToolsVersion = 14.0;
						TestTargetID = ED2CC6F428DE0C11008215A2;
					};
					ED2CC71328DE0C12008215A2 = {
						CreatedOnToolsVersion = 14.0;
						TestTargetID = ED2CC6F428DE0C11008215A2;
					};
				};
			};
			buildConfigurationList = ED2CC6F028DE0C11008215A2 /* Build configuration list for PBXProject "YahooCodingExercise" */;
			compatibilityVersion = "Xcode 14.0";
			developmentRegion = en;
			hasScannedForEncodings = 0;
			knownRegions = (
				en,
				Base,
			);
			mainGroup = ED2CC6EC28DE0C11008215A2;
			productRefGroup = ED2CC6F628DE0C11008215A2 /* Products */;
			projectDirPath = "";
			projectRoot = "";
			targets = (
				ED2CC6F428DE0C11008215A2 /* YahooCodingExercise */,
				ED2CC70928DE0C12008215A2 /* YahooCodingExerciseTests */,
				ED2CC71328DE0C12008215A2 /* YahooCodingExerciseUITests */,
			);
		};
/* End PBXProject section */

/* Begin PBXResourcesBuildPhase section */
		ED2CC6F328DE0C11008215A2 /* Resources */ = {
			isa = PBXResourcesBuildPhase;
			buildActionMask = 2147483647;
			files = (
				ED2CC70028DE0C12008215A2 /* Preview Assets.xcassets in Resources */,
				ED2CC6FD28DE0C12008215A2 /* Assets.xcassets in Resources */,
			);
			runOnlyForDeploymentPostprocessing = 0;
		};
		ED2CC70828DE0C12008215A2 /* Resources */ = {
			isa = PBXResourcesBuildPhase;
			buildActionMask = 2147483647;
			files = (
			);
			runOnlyForDeploymentPostprocessing = 0;
		};
		ED2CC71228DE0C12008215A2 /* Resources */ = {
			isa = PBXResourcesBuildPhase;
			buildActionMask = 2147483647;
			files = (
			);
			runOnlyForDeploymentPostprocessing = 0;
		};
/* End PBXResourcesBuildPhase section */

/* Begin PBXSourcesBuildPhase section */
		ED2CC6F128DE0C11008215A2 /* Sources */ = {
			isa = PBXSourcesBuildPhase;
			buildActionMask = 2147483647;
			files = (
				ED2CC73F28DE405E008215A2 /* TeamDetailsView.swift in Sources */,
				ED2CC73228DE115A008215A2 /* GameRecordServing.swift in Sources */,
				ED2CC73D28DE3358008215A2 /* OverviewHeader.swift in Sources */,
				EDFF43C128DE47E1002BB359 /* TeamSpecificStat.swift in Sources */,
				EDFF43BF28DE473A002BB359 /* TeamDetailsViewModel.swift in Sources */,
				EDFF43C728DF72A5002BB359 /* Spinner.swift in Sources */,
				ED2CC73728DE2720008215A2 /* TeamSummary.swift in Sources */,
				ED2CC72E28DE0EE8008215A2 /* GameRecord.swift in Sources */,
				ED2CC70528DE0C12008215A2 /* YahooCodingExercise.xcdatamodeld in Sources */,
				ED2CC6F928DE0C11008215A2 /* YahooCodingExerciseApp.swift in Sources */,
				ED2CC73028DE10C4008215A2 /* OverviewViewModel.swift in Sources */,
				ED2CC73528DE2200008215A2 /* OverviewView.swift in Sources */,
				EDFF43C328DF4836002BB359 /* DetailHeader.swift in Sources */,
			);
			runOnlyForDeploymentPostprocessing = 0;
		};
		ED2CC70628DE0C12008215A2 /* Sources */ = {
			isa = PBXSourcesBuildPhase;
			buildActionMask = 2147483647;
			files = (
			);
			runOnlyForDeploymentPostprocessing = 0;
		};
		ED2CC71028DE0C12008215A2 /* Sources */ = {
			isa = PBXSourcesBuildPhase;
			buildActionMask = 2147483647;
			files = (
			);
			runOnlyForDeploymentPostprocessing = 0;
		};
/* End PBXSourcesBuildPhase section */

/* Begin PBXTargetDependency section */
		ED2CC70C28DE0C12008215A2 /* PBXTargetDependency */ = {
			isa = PBXTargetDependency;
			target = ED2CC6F428DE0C11008215A2 /* YahooCodingExercise */;
			targetProxy = ED2CC70B28DE0C12008215A2 /* PBXContainerItemProxy */;
		};
		ED2CC71628DE0C12008215A2 /* PBXTargetDependency */ = {
			isa = PBXTargetDependency;
			target = ED2CC6F428DE0C11008215A2 /* YahooCodingExercise */;
			targetProxy = ED2CC71528DE0C12008215A2 /* PBXContainerItemProxy */;
		};
/* End PBXTargetDependency section */

/* Begin XCBuildConfiguration section */
		ED2CC71C28DE0C12008215A2 /* Debug */ = {
			isa = XCBuildConfiguration;
			buildSettings = {
				ALWAYS_SEARCH_USER_PATHS = NO;
				CLANG_ANALYZER_NONNULL = YES;
				CLANG_ANALYZER_NUMBER_OBJECT_CONVERSION = YES_AGGRESSIVE;
				CLANG_CXX_LANGUAGE_STANDARD = "gnu++20";
				CLANG_ENABLE_MODULES = YES;
				CLANG_ENABLE_OBJC_ARC = YES;
				CLANG_ENABLE_OBJC_WEAK = YES;
				CLANG_WARN_BLOCK_CAPTURE_AUTORELEASING = YES;
				CLANG_WARN_BOOL_CONVERSION = YES;
				CLANG_WARN_COMMA = YES;
				CLANG_WARN_CONSTANT_CONVERSION = YES;
				CLANG_WARN_DEPRECATED_OBJC_IMPLEMENTATIONS = YES;
				CLANG_WARN_DIRECT_OBJC_ISA_USAGE = YES_ERROR;
				CLANG_WARN_DOCUMENTATION_COMMENTS = YES;
				CLANG_WARN_EMPTY_BODY = YES;
				CLANG_WARN_ENUM_CONVERSION = YES;
				CLANG_WARN_INFINITE_RECURSION = YES;
				CLANG_WARN_INT_CONVERSION = YES;
				CLANG_WARN_NON_LITERAL_NULL_CONVERSION = YES;
				CLANG_WARN_OBJC_IMPLICIT_RETAIN_SELF = YES;
				CLANG_WARN_OBJC_LITERAL_CONVERSION = YES;
				CLANG_WARN_OBJC_ROOT_CLASS = YES_ERROR;
				CLANG_WARN_QUOTED_INCLUDE_IN_FRAMEWORK_HEADER = YES;
				CLANG_WARN_RANGE_LOOP_ANALYSIS = YES;
				CLANG_WARN_STRICT_PROTOTYPES = YES;
				CLANG_WARN_SUSPICIOUS_MOVE = YES;
				CLANG_WARN_UNGUARDED_AVAILABILITY = YES_AGGRESSIVE;
				CLANG_WARN_UNREACHABLE_CODE = YES;
				CLANG_WARN__DUPLICATE_METHOD_MATCH = YES;
				COPY_PHASE_STRIP = NO;
				DEBUG_INFORMATION_FORMAT = dwarf;
				ENABLE_STRICT_OBJC_MSGSEND = YES;
				ENABLE_TESTABILITY = YES;
				GCC_C_LANGUAGE_STANDARD = gnu11;
				GCC_DYNAMIC_NO_PIC = NO;
				GCC_NO_COMMON_BLOCKS = YES;
				GCC_OPTIMIZATION_LEVEL = 0;
				GCC_PREPROCESSOR_DEFINITIONS = (
					"DEBUG=1",
					"$(inherited)",
				);
				GCC_WARN_64_TO_32_BIT_CONVERSION = YES;
				GCC_WARN_ABOUT_RETURN_TYPE = YES_ERROR;
				GCC_WARN_UNDECLARED_SELECTOR = YES;
				GCC_WARN_UNINITIALIZED_AUTOS = YES_AGGRESSIVE;
				GCC_WARN_UNUSED_FUNCTION = YES;
				GCC_WARN_UNUSED_VARIABLE = YES;
				IPHONEOS_DEPLOYMENT_TARGET = 16.0;
				MTL_ENABLE_DEBUG_INFO = INCLUDE_SOURCE;
				MTL_FAST_MATH = YES;
				ONLY_ACTIVE_ARCH = YES;
				SDKROOT = iphoneos;
				SWIFT_ACTIVE_COMPILATION_CONDITIONS = DEBUG;
				SWIFT_OPTIMIZATION_LEVEL = "-Onone";
			};
			name = Debug;
		};
		ED2CC71D28DE0C12008215A2 /* Release */ = {
			isa = XCBuildConfiguration;
			buildSettings = {
				ALWAYS_SEARCH_USER_PATHS = NO;
				CLANG_ANALYZER_NONNULL = YES;
				CLANG_ANALYZER_NUMBER_OBJECT_CONVERSION = YES_AGGRESSIVE;
				CLANG_CXX_LANGUAGE_STANDARD = "gnu++20";
				CLANG_ENABLE_MODULES = YES;
				CLANG_ENABLE_OBJC_ARC = YES;
				CLANG_ENABLE_OBJC_WEAK = YES;
				CLANG_WARN_BLOCK_CAPTURE_AUTORELEASING = YES;
				CLANG_WARN_BOOL_CONVERSION = YES;
				CLANG_WARN_COMMA = YES;
				CLANG_WARN_CONSTANT_CONVERSION = YES;
				CLANG_WARN_DEPRECATED_OBJC_IMPLEMENTATIONS = YES;
				CLANG_WARN_DIRECT_OBJC_ISA_USAGE = YES_ERROR;
				CLANG_WARN_DOCUMENTATION_COMMENTS = YES;
				CLANG_WARN_EMPTY_BODY = YES;
				CLANG_WARN_ENUM_CONVERSION = YES;
				CLANG_WARN_INFINITE_RECURSION = YES;
				CLANG_WARN_INT_CONVERSION = YES;
				CLANG_WARN_NON_LITERAL_NULL_CONVERSION = YES;
				CLANG_WARN_OBJC_IMPLICIT_RETAIN_SELF = YES;
				CLANG_WARN_OBJC_LITERAL_CONVERSION = YES;
				CLANG_WARN_OBJC_ROOT_CLASS = YES_ERROR;
				CLANG_WARN_QUOTED_INCLUDE_IN_FRAMEWORK_HEADER = YES;
				CLANG_WARN_RANGE_LOOP_ANALYSIS = YES;
				CLANG_WARN_STRICT_PROTOTYPES = YES;
				CLANG_WARN_SUSPICIOUS_MOVE = YES;
				CLANG_WARN_UNGUARDED_AVAILABILITY = YES_AGGRESSIVE;
				CLANG_WARN_UNREACHABLE_CODE = YES;
				CLANG_WARN__DUPLICATE_METHOD_MATCH = YES;
				COPY_PHASE_STRIP = NO;
				DEBUG_INFORMATION_FORMAT = "dwarf-with-dsym";
				ENABLE_NS_ASSERTIONS = NO;
				ENABLE_STRICT_OBJC_MSGSEND = YES;
				GCC_C_LANGUAGE_STANDARD = gnu11;
				GCC_NO_COMMON_BLOCKS = YES;
				GCC_WARN_64_TO_32_BIT_CONVERSION = YES;
				GCC_WARN_ABOUT_RETURN_TYPE = YES_ERROR;
				GCC_WARN_UNDECLARED_SELECTOR = YES;
				GCC_WARN_UNINITIALIZED_AUTOS = YES_AGGRESSIVE;
				GCC_WARN_UNUSED_FUNCTION = YES;
				GCC_WARN_UNUSED_VARIABLE = YES;
				IPHONEOS_DEPLOYMENT_TARGET = 16.0;
				MTL_ENABLE_DEBUG_INFO = NO;
				MTL_FAST_MATH = YES;
				SDKROOT = iphoneos;
				SWIFT_COMPILATION_MODE = wholemodule;
				SWIFT_OPTIMIZATION_LEVEL = "-O";
				VALIDATE_PRODUCT = YES;
			};
			name = Release;
		};
		ED2CC71F28DE0C12008215A2 /* Debug */ = {
			isa = XCBuildConfiguration;
			buildSettings = {
				ASSETCATALOG_COMPILER_APPICON_NAME = AppIcon;
				ASSETCATALOG_COMPILER_GLOBAL_ACCENT_COLOR_NAME = AccentColor;
				CODE_SIGN_STYLE = Automatic;
				CURRENT_PROJECT_VERSION = 1;
				DEVELOPMENT_ASSET_PATHS = "\"YahooCodingExercise/Preview Content\"";
				DEVELOPMENT_TEAM = P649CF844Y;
				ENABLE_PREVIEWS = YES;
				GENERATE_INFOPLIST_FILE = YES;
				INFOPLIST_FILE = YahooCodingExercise/Info.plist;
				INFOPLIST_KEY_UIApplicationSceneManifest_Generation = YES;
				INFOPLIST_KEY_UIApplicationSupportsIndirectInputEvents = YES;
				INFOPLIST_KEY_UILaunchScreen_Generation = YES;
				INFOPLIST_KEY_UISupportedInterfaceOrientations_iPad = "UIInterfaceOrientationPortrait UIInterfaceOrientationPortraitUpsideDown UIInterfaceOrientationLandscapeLeft UIInterfaceOrientationLandscapeRight";
				INFOPLIST_KEY_UISupportedInterfaceOrientations_iPhone = "UIInterfaceOrientationPortrait UIInterfaceOrientationLandscapeLeft UIInterfaceOrientationLandscapeRight";
				LD_RUNPATH_SEARCH_PATHS = (
					"$(inherited)",
					"@executable_path/Frameworks",
				);
				MARKETING_VERSION = 1.0;
				PRODUCT_BUNDLE_IDENTIFIER = ayrenking.YahooCodingExercise;
				PRODUCT_NAME = "$(TARGET_NAME)";
				SWIFT_EMIT_LOC_STRINGS = YES;
				SWIFT_VERSION = 5.0;
				TARGETED_DEVICE_FAMILY = "1,2";
			};
			name = Debug;
		};
		ED2CC72028DE0C12008215A2 /* Release */ = {
			isa = XCBuildConfiguration;
			buildSettings = {
				ASSETCATALOG_COMPILER_APPICON_NAME = AppIcon;
				ASSETCATALOG_COMPILER_GLOBAL_ACCENT_COLOR_NAME = AccentColor;
				CODE_SIGN_STYLE = Automatic;
				CURRENT_PROJECT_VERSION = 1;
				DEVELOPMENT_ASSET_PATHS = "\"YahooCodingExercise/Preview Content\"";
				DEVELOPMENT_TEAM = P649CF844Y;
				ENABLE_PREVIEWS = YES;
				GENERATE_INFOPLIST_FILE = YES;
				INFOPLIST_FILE = YahooCodingExercise/Info.plist;
				INFOPLIST_KEY_UIApplicationSceneManifest_Generation = YES;
				INFOPLIST_KEY_UIApplicationSupportsIndirectInputEvents = YES;
				INFOPLIST_KEY_UILaunchScreen_Generation = YES;
				INFOPLIST_KEY_UISupportedInterfaceOrientations_iPad = "UIInterfaceOrientationPortrait UIInterfaceOrientationPortraitUpsideDown UIInterfaceOrientationLandscapeLeft UIInterfaceOrientationLandscapeRight";
				INFOPLIST_KEY_UISupportedInterfaceOrientations_iPhone = "UIInterfaceOrientationPortrait UIInterfaceOrientationLandscapeLeft UIInterfaceOrientationLandscapeRight";
				LD_RUNPATH_SEARCH_PATHS = (
					"$(inherited)",
					"@executable_path/Frameworks",
				);
				MARKETING_VERSION = 1.0;
				PRODUCT_BUNDLE_IDENTIFIER = ayrenking.YahooCodingExercise;
				PRODUCT_NAME = "$(TARGET_NAME)";
				SWIFT_EMIT_LOC_STRINGS = YES;
				SWIFT_VERSION = 5.0;
				TARGETED_DEVICE_FAMILY = "1,2";
			};
			name = Release;
		};
		ED2CC72228DE0C12008215A2 /* Debug */ = {
			isa = XCBuildConfiguration;
			buildSettings = {
				ALWAYS_EMBED_SWIFT_STANDARD_LIBRARIES = YES;
				BUNDLE_LOADER = "$(TEST_HOST)";
				CODE_SIGN_STYLE = Automatic;
				CURRENT_PROJECT_VERSION = 1;
				DEVELOPMENT_TEAM = P649CF844Y;
				GENERATE_INFOPLIST_FILE = YES;
				IPHONEOS_DEPLOYMENT_TARGET = 16.0;
				MARKETING_VERSION = 1.0;
				PRODUCT_BUNDLE_IDENTIFIER = ayrenking.YahooCodingExerciseTests;
				PRODUCT_NAME = "$(TARGET_NAME)";
				SWIFT_EMIT_LOC_STRINGS = NO;
				SWIFT_VERSION = 5.0;
				TARGETED_DEVICE_FAMILY = "1,2";
				TEST_HOST = "$(BUILT_PRODUCTS_DIR)/YahooCodingExercise.app/$(BUNDLE_EXECUTABLE_FOLDER_PATH)/YahooCodingExercise";
			};
			name = Debug;
		};
		ED2CC72328DE0C12008215A2 /* Release */ = {
			isa = XCBuildConfiguration;
			buildSettings = {
				ALWAYS_EMBED_SWIFT_STANDARD_LIBRARIES = YES;
				BUNDLE_LOADER = "$(TEST_HOST)";
				CODE_SIGN_STYLE = Automatic;
				CURRENT_PROJECT_VERSION = 1;
				DEVELOPMENT_TEAM = P649CF844Y;
				GENERATE_INFOPLIST_FILE = YES;
				IPHONEOS_DEPLOYMENT_TARGET = 16.0;
				MARKETING_VERSION = 1.0;
				PRODUCT_BUNDLE_IDENTIFIER = ayrenking.YahooCodingExerciseTests;
				PRODUCT_NAME = "$(TARGET_NAME)";
				SWIFT_EMIT_LOC_STRINGS = NO;
				SWIFT_VERSION = 5.0;
				TARGETED_DEVICE_FAMILY = "1,2";
				TEST_HOST = "$(BUILT_PRODUCTS_DIR)/YahooCodingExercise.app/$(BUNDLE_EXECUTABLE_FOLDER_PATH)/YahooCodingExercise";
			};
			name = Release;
		};
		ED2CC72528DE0C12008215A2 /* Debug */ = {
			isa = XCBuildConfiguration;
			buildSettings = {
				ALWAYS_EMBED_SWIFT_STANDARD_LIBRARIES = YES;
				CODE_SIGN_STYLE = Automatic;
				CURRENT_PROJECT_VERSION = 1;
				DEVELOPMENT_TEAM = P649CF844Y;
				GENERATE_INFOPLIST_FILE = YES;
				MARKETING_VERSION = 1.0;
				PRODUCT_BUNDLE_IDENTIFIER = ayrenking.YahooCodingExerciseUITests;
				PRODUCT_NAME = "$(TARGET_NAME)";
				SWIFT_EMIT_LOC_STRINGS = NO;
				SWIFT_VERSION = 5.0;
				TARGETED_DEVICE_FAMILY = "1,2";
				TEST_TARGET_NAME = YahooCodingExercise;
			};
			name = Debug;
		};
		ED2CC72628DE0C12008215A2 /* Release */ = {
			isa = XCBuildConfiguration;
			buildSettings = {
				ALWAYS_EMBED_SWIFT_STANDARD_LIBRARIES = YES;
				CODE_SIGN_STYLE = Automatic;
				CURRENT_PROJECT_VERSION = 1;
				DEVELOPMENT_TEAM = P649CF844Y;
				GENERATE_INFOPLIST_FILE = YES;
				MARKETING_VERSION = 1.0;
				PRODUCT_BUNDLE_IDENTIFIER = ayrenking.YahooCodingExerciseUITests;
				PRODUCT_NAME = "$(TARGET_NAME)";
				SWIFT_EMIT_LOC_STRINGS = NO;
				SWIFT_VERSION = 5.0;
				TARGETED_DEVICE_FAMILY = "1,2";
				TEST_TARGET_NAME = YahooCodingExercise;
			};
			name = Release;
		};
/* End XCBuildConfiguration section */

/* Begin XCConfigurationList section */
		ED2CC6F028DE0C11008215A2 /* Build configuration list for PBXProject "YahooCodingExercise" */ = {
			isa = XCConfigurationList;
			buildConfigurations = (
				ED2CC71C28DE0C12008215A2 /* Debug */,
				ED2CC71D28DE0C12008215A2 /* Release */,
			);
			defaultConfigurationIsVisible = 0;
			defaultConfigurationName = Release;
		};
		ED2CC71E28DE0C12008215A2 /* Build configuration list for PBXNativeTarget "YahooCodingExercise" */ = {
			isa = XCConfigurationList;
			buildConfigurations = (
				ED2CC71F28DE0C12008215A2 /* Debug */,
				ED2CC72028DE0C12008215A2 /* Release */,
			);
			defaultConfigurationIsVisible = 0;
			defaultConfigurationName = Release;
		};
		ED2CC72128DE0C12008215A2 /* Build configuration list for PBXNativeTarget "YahooCodingExerciseTests" */ = {
			isa = XCConfigurationList;
			buildConfigurations = (
				ED2CC72228DE0C12008215A2 /* Debug */,
				ED2CC72328DE0C12008215A2 /* Release */,
			);
			defaultConfigurationIsVisible = 0;
			defaultConfigurationName = Release;
		};
		ED2CC72428DE0C12008215A2 /* Build configuration list for PBXNativeTarget "YahooCodingExerciseUITests" */ = {
			isa = XCConfigurationList;
			buildConfigurations = (
				ED2CC72528DE0C12008215A2 /* Debug */,
				ED2CC72628DE0C12008215A2 /* Release */,
			);
			defaultConfigurationIsVisible = 0;
			defaultConfigurationName = Release;
		};
/* End XCConfigurationList section */

/* Begin XCVersionGroup section */
		ED2CC70328DE0C12008215A2 /* YahooCodingExercise.xcdatamodeld */ = {
			isa = XCVersionGroup;
			children = (
				ED2CC70428DE0C12008215A2 /* YahooCodingExercise.xcdatamodel */,
			);
			currentVersion = ED2CC70428DE0C12008215A2 /* YahooCodingExercise.xcdatamodel */;
			path = YahooCodingExercise.xcdatamodeld;
			sourceTree = "<group>";
			versionGroupType = wrapper.xcdatamodel;
		};
/* End XCVersionGroup section */
	};
	rootObject = ED2CC6ED28DE0C11008215A2 /* Project object */;
}
